
Microsoft Visual Studio Solution File, Format Version 12.00
# Visual Studio Version 16
VisualStudioVersion = 16.0.30104.148
MinimumVisualStudioVersion = 10.0.40219.1
Project("{9A19103F-16F7-4668-BE54-9A1E7A4F7556}") = "ToDoList", "ToDoList\ToDoList.csproj", "{AB57FED8-AAF7-45C5-8F62-FD8F93BDF4A3}"
EndProject
Global
	GlobalSection(SolutionConfigurationPlatforms) = preSolution
		Debug|Any CPU = Debug|Any CPU
		Release|Any CPU = Release|Any CPU
	EndGlobalSection
	GlobalSection(ProjectConfigurationPlatforms) = postSolution
		{AB57FED8-AAF7-45C5-8F62-FD8F93BDF4A3}.Debug|Any CPU.ActiveCfg = Debug|Any CPU
		{AB57FED8-AAF7-45C5-8F62-FD8F93BDF4A3}.Debug|Any CPU.Build.0 = Debug|Any CPU
		{AB57FED8-AAF7-45C5-8F62-FD8F93BDF4A3}.Release|Any CPU.ActiveCfg = Release|Any CPU
		{AB57FED8-AAF7-45C5-8F62-FD8F93BDF4A3}.Release|Any CPU.Build.0 = Release|Any CPU
	EndGlobalSection
	GlobalSection(SolutionProperties) = preSolution
		HideSolutionNode = FALSE
	EndGlobalSection
	GlobalSection(ExtensibilityGlobals) = postSolution
		SolutionGuid = {8B68C4B1-ACC5-42CC-A50E-529F848E9492}
	EndGlobalSection
EndGlobal
